// !$*UTF8*$!
{
	archiveVersion = 1;
	classes = {
	};
	objectVersion = 50;
	objects = {

/* Begin PBXBuildFile section */
		5849C1782461375000BC703F /* AppDelegate.swift in Sources */ = {isa = PBXBuildFile; fileRef = 5849C1772461375000BC703F /* AppDelegate.swift */; };
		5849C17A2461375000BC703F /* SceneDelegate.swift in Sources */ = {isa = PBXBuildFile; fileRef = 5849C1792461375000BC703F /* SceneDelegate.swift */; };
		5849C17C2461375000BC703F /* EventViewController.swift in Sources */ = {isa = PBXBuildFile; fileRef = 5849C17B2461375000BC703F /* EventViewController.swift */; };
		5849C17F2461375000BC703F /* Main.storyboard in Resources */ = {isa = PBXBuildFile; fileRef = 5849C17D2461375000BC703F /* Main.storyboard */; };
		5849C1812461375C00BC703F /* Assets.xcassets in Resources */ = {isa = PBXBuildFile; fileRef = 5849C1802461375C00BC703F /* Assets.xcassets */; };
		5849C1842461375C00BC703F /* LaunchScreen.storyboard in Resources */ = {isa = PBXBuildFile; fileRef = 5849C1822461375C00BC703F /* LaunchScreen.storyboard */; };
		5849C1922461401B00BC703F /* EventTableViewCell.swift in Sources */ = {isa = PBXBuildFile; fileRef = 5849C1902461401B00BC703F /* EventTableViewCell.swift */; };
		5849C1942461402E00BC703F /* EventData.swift in Sources */ = {isa = PBXBuildFile; fileRef = 5849C1932461402E00BC703F /* EventData.swift */; };
		5849C1962461409300BC703F /* events.json in Resources */ = {isa = PBXBuildFile; fileRef = 5849C1952461409300BC703F /* events.json */; };
		5849C198246140A600BC703F /* EventDataLoader.swift in Sources */ = {isa = PBXBuildFile; fileRef = 5849C197246140A600BC703F /* EventDataLoader.swift */; };
		5849C19C2461E6D100BC703F /* EventInfoVC.swift in Sources */ = {isa = PBXBuildFile; fileRef = 5849C19B2461E6D100BC703F /* EventInfoVC.swift */; };
		5872AB3D2461F95500781C2F /* VendorData.swift in Sources */ = {isa = PBXBuildFile; fileRef = 5872AB3C2461F95500781C2F /* VendorData.swift */; };
		5872AB3F2461F96800781C2F /* VendorDataLoader.swift in Sources */ = {isa = PBXBuildFile; fileRef = 5872AB3E2461F96800781C2F /* VendorDataLoader.swift */; };
		5872AB412461F97700781C2F /* VendorViewController.swift in Sources */ = {isa = PBXBuildFile; fileRef = 5872AB402461F97700781C2F /* VendorViewController.swift */; };
		5872AB432461F98600781C2F /* VendorInfoVC.swift in Sources */ = {isa = PBXBuildFile; fileRef = 5872AB422461F98600781C2F /* VendorInfoVC.swift */; };
		5872AB452461F99500781C2F /* EventReviewVC.swift in Sources */ = {isa = PBXBuildFile; fileRef = 5872AB442461F99500781C2F /* EventReviewVC.swift */; };
		5872AB472461F9A100781C2F /* VendorReviewVC.swift in Sources */ = {isa = PBXBuildFile; fileRef = 5872AB462461F9A100781C2F /* VendorReviewVC.swift */; };
		5872AB492461F9E800781C2F /* vendors.json in Resources */ = {isa = PBXBuildFile; fileRef = 5872AB482461F9E800781C2F /* vendors.json */; };
/* End PBXBuildFile section */

/* Begin PBXFileReference section */
		5849C1742461375000BC703F /* testEat30.app */ = {isa = PBXFileReference; explicitFileType = wrapper.application; includeInIndex = 0; path = testEat30.app; sourceTree = BUILT_PRODUCTS_DIR; };
		5849C1772461375000BC703F /* AppDelegate.swift */ = {isa = PBXFileReference; lastKnownFileType = sourcecode.swift; path = AppDelegate.swift; sourceTree = "<group>"; };
		5849C1792461375000BC703F /* SceneDelegate.swift */ = {isa = PBXFileReference; lastKnownFileType = sourcecode.swift; path = SceneDelegate.swift; sourceTree = "<group>"; };
		5849C17B2461375000BC703F /* EventViewController.swift */ = {isa = PBXFileReference; lastKnownFileType = sourcecode.swift; path = EventViewController.swift; sourceTree = "<group>"; };
		5849C17E2461375000BC703F /* Base */ = {isa = PBXFileReference; lastKnownFileType = file.storyboard; name = Base; path = Base.lproj/Main.storyboard; sourceTree = "<group>"; };
		5849C1802461375C00BC703F /* Assets.xcassets */ = {isa = PBXFileReference; lastKnownFileType = folder.assetcatalog; path = Assets.xcassets; sourceTree = "<group>"; };
		5849C1832461375C00BC703F /* Base */ = {isa = PBXFileReference; lastKnownFileType = file.storyboard; name = Base; path = Base.lproj/LaunchScreen.storyboard; sourceTree = "<group>"; };
		5849C1852461375C00BC703F /* Info.plist */ = {isa = PBXFileReference; lastKnownFileType = text.plist.xml; path = Info.plist; sourceTree = "<group>"; };
		5849C1902461401B00BC703F /* EventTableViewCell.swift */ = {isa = PBXFileReference; lastKnownFileType = sourcecode.swift; path = EventTableViewCell.swift; sourceTree = "<group>"; };
		5849C1932461402E00BC703F /* EventData.swift */ = {isa = PBXFileReference; lastKnownFileType = sourcecode.swift; path = EventData.swift; sourceTree = "<group>"; };
		5849C1952461409300BC703F /* events.json */ = {isa = PBXFileReference; fileEncoding = 4; lastKnownFileType = text.json; path = events.json; sourceTree = "<group>"; };
		5849C197246140A600BC703F /* EventDataLoader.swift */ = {isa = PBXFileReference; lastKnownFileType = sourcecode.swift; path = EventDataLoader.swift; sourceTree = "<group>"; };
		5849C19B2461E6D100BC703F /* EventInfoVC.swift */ = {isa = PBXFileReference; lastKnownFileType = sourcecode.swift; path = EventInfoVC.swift; sourceTree = "<group>"; };
		5872AB3C2461F95500781C2F /* VendorData.swift */ = {isa = PBXFileReference; lastKnownFileType = sourcecode.swift; path = VendorData.swift; sourceTree = "<group>"; };
		5872AB3E2461F96800781C2F /* VendorDataLoader.swift */ = {isa = PBXFileReference; lastKnownFileType = sourcecode.swift; path = VendorDataLoader.swift; sourceTree = "<group>"; };
		5872AB402461F97700781C2F /* VendorViewController.swift */ = {isa = PBXFileReference; lastKnownFileType = sourcecode.swift; path = VendorViewController.swift; sourceTree = "<group>"; };
		5872AB422461F98600781C2F /* VendorInfoVC.swift */ = {isa = PBXFileReference; lastKnownFileType = sourcecode.swift; path = VendorInfoVC.swift; sourceTree = "<group>"; };
		5872AB442461F99500781C2F /* EventReviewVC.swift */ = {isa = PBXFileReference; lastKnownFileType = sourcecode.swift; path = EventReviewVC.swift; sourceTree = "<group>"; };
		5872AB462461F9A100781C2F /* VendorReviewVC.swift */ = {isa = PBXFileReference; lastKnownFileType = sourcecode.swift; path = VendorReviewVC.swift; sourceTree = "<group>"; };
		5872AB482461F9E800781C2F /* vendors.json */ = {isa = PBXFileReference; fileEncoding = 4; lastKnownFileType = text.json; path = vendors.json; sourceTree = "<group>"; };
/* End PBXFileReference section */

/* Begin PBXFrameworksBuildPhase section */
		5849C1712461375000BC703F /* Frameworks */ = {
			isa = PBXFrameworksBuildPhase;
			buildActionMask = 2147483647;
			files = (
			);
			runOnlyForDeploymentPostprocessing = 0;
		};
/* End PBXFrameworksBuildPhase section */

/* Begin PBXGroup section */
		5849C16B2461375000BC703F = {
			isa = PBXGroup;
			children = (
				5849C1762461375000BC703F /* testEat30 */,
				5849C1752461375000BC703F /* Products */,
			);
			sourceTree = "<group>";
		};
		5849C1752461375000BC703F /* Products */ = {
			isa = PBXGroup;
			children = (
				5849C1742461375000BC703F /* testEat30.app */,
			);
			name = Products;
			sourceTree = "<group>";
		};
		5849C1762461375000BC703F /* testEat30 */ = {
			isa = PBXGroup;
			children = (
				5872AB3B2461F94000781C2F /* Data */,
				5872AB3A2461F93300781C2F /* VC */,
				5849C1772461375000BC703F /* AppDelegate.swift */,
				5849C1792461375000BC703F /* SceneDelegate.swift */,
				5849C17D2461375000BC703F /* Main.storyboard */,
				5849C1802461375C00BC703F /* Assets.xcassets */,
				5849C1822461375C00BC703F /* LaunchScreen.storyboard */,
				5849C1852461375C00BC703F /* Info.plist */,
				5849C1902461401B00BC703F /* EventTableViewCell.swift */,
			);
			path = testEat30;
			sourceTree = "<group>";
		};
		5872AB3A2461F93300781C2F /* VC */ = {
			isa = PBXGroup;
			children = (
				5849C17B2461375000BC703F /* EventViewController.swift */,
				5872AB402461F97700781C2F /* VendorViewController.swift */,
				5872AB422461F98600781C2F /* VendorInfoVC.swift */,
				5872AB442461F99500781C2F /* EventReviewVC.swift */,
				5872AB462461F9A100781C2F /* VendorReviewVC.swift */,
				5849C19B2461E6D100BC703F /* EventInfoVC.swift */,
			);
			path = VC;
			sourceTree = "<group>";
		};
		5872AB3B2461F94000781C2F /* Data */ = {
			isa = PBXGroup;
			children = (
				5849C1932461402E00BC703F /* EventData.swift */,
				5849C197246140A600BC703F /* EventDataLoader.swift */,
				5872AB3C2461F95500781C2F /* VendorData.swift */,
				5872AB3E2461F96800781C2F /* VendorDataLoader.swift */,
				5849C1952461409300BC703F /* events.json */,
				5872AB482461F9E800781C2F /* vendors.json */,
			);
			path = Data;
			sourceTree = "<group>";
		};
/* End PBXGroup section */

/* Begin PBXNativeTarget section */
		5849C1732461375000BC703F /* testEat30 */ = {
			isa = PBXNativeTarget;
			buildConfigurationList = 5849C1882461375C00BC703F /* Build configuration list for PBXNativeTarget "testEat30" */;
			buildPhases = (
				5849C1702461375000BC703F /* Sources */,
				5849C1712461375000BC703F /* Frameworks */,
				5849C1722461375000BC703F /* Resources */,
			);
			buildRules = (
			);
			dependencies = (
			);
			name = testEat30;
			productName = testEat30;
			productReference = 5849C1742461375000BC703F /* testEat30.app */;
			productType = "com.apple.product-type.application";
		};
/* End PBXNativeTarget section */

/* Begin PBXProject section */
		5849C16C2461375000BC703F /* Project object */ = {
			isa = PBXProject;
			attributes = {
				LastSwiftUpdateCheck = 1140;
				LastUpgradeCheck = 1140;
				ORGANIZATIONNAME = "Marissa Vang";
				TargetAttributes = {
					5849C1732461375000BC703F = {
						CreatedOnToolsVersion = 11.4;
					};
				};
			};
			buildConfigurationList = 5849C16F2461375000BC703F /* Build configuration list for PBXProject "testEat30" */;
			compatibilityVersion = "Xcode 9.3";
			developmentRegion = en;
			hasScannedForEncodings = 0;
			knownRegions = (
				en,
				Base,
			);
			mainGroup = 5849C16B2461375000BC703F;
			productRefGroup = 5849C1752461375000BC703F /* Products */;
			projectDirPath = "";
			projectRoot = "";
			targets = (
				5849C1732461375000BC703F /* testEat30 */,
			);
		};
/* End PBXProject section */

/* Begin PBXResourcesBuildPhase section */
		5849C1722461375000BC703F /* Resources */ = {
			isa = PBXResourcesBuildPhase;
			buildActionMask = 2147483647;
			files = (
				5849C1842461375C00BC703F /* LaunchScreen.storyboard in Resources */,
				5849C1962461409300BC703F /* events.json in Resources */,
				5849C1812461375C00BC703F /* Assets.xcassets in Resources */,
				5849C17F2461375000BC703F /* Main.storyboard in Resources */,
				5872AB492461F9E800781C2F /* vendors.json in Resources */,
			);
			runOnlyForDeploymentPostprocessing = 0;
		};
/* End PBXResourcesBuildPhase section */

/* Begin PBXSourcesBuildPhase section */
		5849C1702461375000BC703F /* Sources */ = {
			isa = PBXSourcesBuildPhase;
			buildActionMask = 2147483647;
			files = (
				5849C19C2461E6D100BC703F /* EventInfoVC.swift in Sources */,
				5872AB3F2461F96800781C2F /* VendorDataLoader.swift in Sources */,
				5849C1922461401B00BC703F /* EventTableViewCell.swift in Sources */,
				5849C17C2461375000BC703F /* EventViewController.swift in Sources */,
				5872AB432461F98600781C2F /* VendorInfoVC.swift in Sources */,
				5872AB412461F97700781C2F /* VendorViewController.swift in Sources */,
				5872AB3D2461F95500781C2F /* VendorData.swift in Sources */,
				5849C198246140A600BC703F /* EventDataLoader.swift in Sources */,
				5849C1782461375000BC703F /* AppDelegate.swift in Sources */,
				5849C1942461402E00BC703F /* EventData.swift in Sources */,
				5872AB472461F9A100781C2F /* VendorReviewVC.swift in Sources */,
				5849C17A2461375000BC703F /* SceneDelegate.swift in Sources */,
				5872AB452461F99500781C2F /* EventReviewVC.swift in Sources */,
			);
			runOnlyForDeploymentPostprocessing = 0;
		};
/* End PBXSourcesBuildPhase section */

/* Begin PBXVariantGroup section */
		5849C17D2461375000BC703F /* Main.storyboard */ = {
			isa = PBXVariantGroup;
			children = (
				5849C17E2461375000BC703F /* Base */,
			);
			name = Main.storyboard;
			sourceTree = "<group>";
		};
		5849C1822461375C00BC703F /* LaunchScreen.storyboard */ = {
			isa = PBXVariantGroup;
			children = (
				5849C1832461375C00BC703F /* Base */,
			);
			name = LaunchScreen.storyboard;
			sourceTree = "<group>";
		};
/* End PBXVariantGroup section */

/* Begin XCBuildConfiguration section */
		5849C1862461375C00BC703F /* Debug */ = {
			isa = XCBuildConfiguration;
			buildSettings = {
				ALWAYS_SEARCH_USER_PATHS = NO;
				CLANG_ANALYZER_NONNULL = YES;
				CLANG_ANALYZER_NUMBER_OBJECT_CONVERSION = YES_AGGRESSIVE;
				CLANG_CXX_LANGUAGE_STANDARD = "gnu++14";
				CLANG_CXX_LIBRARY = "libc++";
				CLANG_ENABLE_MODULES = YES;
				CLANG_ENABLE_OBJC_ARC = YES;
				CLANG_ENABLE_OBJC_WEAK = YES;
				CLANG_WARN_BLOCK_CAPTURE_AUTORELEASING = YES;
				CLANG_WARN_BOOL_CONVERSION = YES;
				CLANG_WARN_COMMA = YES;
				CLANG_WARN_CONSTANT_CONVERSION = YES;
				CLANG_WARN_DEPRECATED_OBJC_IMPLEMENTATIONS = YES;
				CLANG_WARN_DIRECT_OBJC_ISA_USAGE = YES_ERROR;
				CLANG_WARN_DOCUMENTATION_COMMENTS = YES;
				CLANG_WARN_EMPTY_BODY = YES;
				CLANG_WARN_ENUM_CONVERSION = YES;
				CLANG_WARN_INFINITE_RECURSION = YES;
				CLANG_WARN_INT_CONVERSION = YES;
				CLANG_WARN_NON_LITERAL_NULL_CONVERSION = YES;
				CLANG_WARN_OBJC_IMPLICIT_RETAIN_SELF = YES;
				CLANG_WARN_OBJC_LITERAL_CONVERSION = YES;
				CLANG_WARN_OBJC_ROOT_CLASS = YES_ERROR;
				CLANG_WARN_RANGE_LOOP_ANALYSIS = YES;
				CLANG_WARN_STRICT_PROTOTYPES = YES;
				CLANG_WARN_SUSPICIOUS_MOVE = YES;
				CLANG_WARN_UNGUARDED_AVAILABILITY = YES_AGGRESSIVE;
				CLANG_WARN_UNREACHABLE_CODE = YES;
				CLANG_WARN__DUPLICATE_METHOD_MATCH = YES;
				COPY_PHASE_STRIP = NO;
				DEBUG_INFORMATION_FORMAT = dwarf;
				ENABLE_STRICT_OBJC_MSGSEND = YES;
				ENABLE_TESTABILITY = YES;
				GCC_C_LANGUAGE_STANDARD = gnu11;
				GCC_DYNAMIC_NO_PIC = NO;
				GCC_NO_COMMON_BLOCKS = YES;
				GCC_OPTIMIZATION_LEVEL = 0;
				GCC_PREPROCESSOR_DEFINITIONS = (
					"DEBUG=1",
					"$(inherited)",
				);
				GCC_WARN_64_TO_32_BIT_CONVERSION = YES;
				GCC_WARN_ABOUT_RETURN_TYPE = YES_ERROR;
				GCC_WARN_UNDECLARED_SELECTOR = YES;
				GCC_WARN_UNINITIALIZED_AUTOS = YES_AGGRESSIVE;
				GCC_WARN_UNUSED_FUNCTION = YES;
				GCC_WARN_UNUSED_VARIABLE = YES;
				IPHONEOS_DEPLOYMENT_TARGET = 13.4;
				MTL_ENABLE_DEBUG_INFO = INCLUDE_SOURCE;
				MTL_FAST_MATH = YES;
				ONLY_ACTIVE_ARCH = YES;
				SDKROOT = iphoneos;
				SWIFT_ACTIVE_COMPILATION_CONDITIONS = DEBUG;
				SWIFT_OPTIMIZATION_LEVEL = "-Onone";
			};
			name = Debug;
		};
		5849C1872461375C00BC703F /* Release */ = {
			isa = XCBuildConfiguration;
			buildSettings = {
				ALWAYS_SEARCH_USER_PATHS = NO;
				CLANG_ANALYZER_NONNULL = YES;
				CLANG_ANALYZER_NUMBER_OBJECT_CONVERSION = YES_AGGRESSIVE;
				CLANG_CXX_LANGUAGE_STANDARD = "gnu++14";
				CLANG_CXX_LIBRARY = "libc++";
				CLANG_ENABLE_MODULES = YES;
				CLANG_ENABLE_OBJC_ARC = YES;
				CLANG_ENABLE_OBJC_WEAK = YES;
				CLANG_WARN_BLOCK_CAPTURE_AUTORELEASING = YES;
				CLANG_WARN_BOOL_CONVERSION = YES;
				CLANG_WARN_COMMA = YES;
				CLANG_WARN_CONSTANT_CONVERSION = YES;
				CLANG_WARN_DEPRECATED_OBJC_IMPLEMENTATIONS = YES;
				CLANG_WARN_DIRECT_OBJC_ISA_USAGE = YES_ERROR;
				CLANG_WARN_DOCUMENTATION_COMMENTS = YES;
				CLANG_WARN_EMPTY_BODY = YES;
				CLANG_WARN_ENUM_CONVERSION = YES;
				CLANG_WARN_INFINITE_RECURSION = YES;
				CLANG_WARN_INT_CONVERSION = YES;
				CLANG_WARN_NON_LITERAL_NULL_CONVERSION = YES;
				CLANG_WARN_OBJC_IMPLICIT_RETAIN_SELF = YES;
				CLANG_WARN_OBJC_LITERAL_CONVERSION = YES;
				CLANG_WARN_OBJC_ROOT_CLASS = YES_ERROR;
				CLANG_WARN_RANGE_LOOP_ANALYSIS = YES;
				CLANG_WARN_STRICT_PROTOTYPES = YES;
				CLANG_WARN_SUSPICIOUS_MOVE = YES;
				CLANG_WARN_UNGUARDED_AVAILABILITY = YES_AGGRESSIVE;
				CLANG_WARN_UNREACHABLE_CODE = YES;
				CLANG_WARN__DUPLICATE_METHOD_MATCH = YES;
				COPY_PHASE_STRIP = NO;
				DEBUG_INFORMATION_FORMAT = "dwarf-with-dsym";
				ENABLE_NS_ASSERTIONS = NO;
				ENABLE_STRICT_OBJC_MSGSEND = YES;
				GCC_C_LANGUAGE_STANDARD = gnu11;
				GCC_NO_COMMON_BLOCKS = YES;
				GCC_WARN_64_TO_32_BIT_CONVERSION = YES;
				GCC_WARN_ABOUT_RETURN_TYPE = YES_ERROR;
				GCC_WARN_UNDECLARED_SELECTOR = YES;
				GCC_WARN_UNINITIALIZED_AUTOS = YES_AGGRESSIVE;
				GCC_WARN_UNUSED_FUNCTION = YES;
				GCC_WARN_UNUSED_VARIABLE = YES;
				IPHONEOS_DEPLOYMENT_TARGET = 13.4;
				MTL_ENABLE_DEBUG_INFO = NO;
				MTL_FAST_MATH = YES;
				SDKROOT = iphoneos;
				SWIFT_COMPILATION_MODE = wholemodule;
				SWIFT_OPTIMIZATION_LEVEL = "-O";
				VALIDATE_PRODUCT = YES;
			};
			name = Release;
		};
		5849C1892461375C00BC703F /* Debug */ = {
			isa = XCBuildConfiguration;
			buildSettings = {
				ASSETCATALOG_COMPILER_APPICON_NAME = AppIcon;
				CODE_SIGN_STYLE = Automatic;
				INFOPLIST_FILE = testEat30/Info.plist;
				LD_RUNPATH_SEARCH_PATHS = (
					"$(inherited)",
					"@executable_path/Frameworks",
				);
				PRODUCT_BUNDLE_IDENTIFIER = com.marissavang.testEat30;
				PRODUCT_NAME = "$(TARGET_NAME)";
				SWIFT_VERSION = 5.0;
				TARGETED_DEVICE_FAMILY = "1,2";
			};
			name = Debug;
		};
		5849C18A2461375C00BC703F /* Release */ = {
			isa = XCBuildConfiguration;
			buildSettings = {
				ASSETCATALOG_COMPILER_APPICON_NAME = AppIcon;
				CODE_SIGN_STYLE = Automatic;
				INFOPLIST_FILE = testEat30/Info.plist;
				LD_RUNPATH_SEARCH_PATHS = (
					"$(inherited)",
					"@executable_path/Frameworks",
				);
				PRODUCT_BUNDLE_IDENTIFIER = com.marissavang.testEat30;
				PRODUCT_NAME = "$(TARGET_NAME)";
				SWIFT_VERSION = 5.0;
				TARGETED_DEVICE_FAMILY = "1,2";
			};
			name = Release;
		};
/* End XCBuildConfiguration section */

/* Begin XCConfigurationList section */
		5849C16F2461375000BC703F /* Build configuration list for PBXProject "testEat30" */ = {
			isa = XCConfigurationList;
			buildConfigurations = (
				5849C1862461375C00BC703F /* Debug */,
				5849C1872461375C00BC703F /* Release */,
			);
			defaultConfigurationIsVisible = 0;
			defaultConfigurationName = Release;
		};
		5849C1882461375C00BC703F /* Build configuration list for PBXNativeTarget "testEat30" */ = {
			isa = XCConfigurationList;
			buildConfigurations = (
				5849C1892461375C00BC703F /* Debug */,
				5849C18A2461375C00BC703F /* Release */,
			);
			defaultConfigurationIsVisible = 0;
			defaultConfigurationName = Release;
		};
/* End XCConfigurationList section */
	};
	rootObject = 5849C16C2461375000BC703F /* Project object */;
}
